
Microsoft Visual Studio Solution File, Format Version 12.00
# Visual Studio Version 16
VisualStudioVersion = 16.0.29728.190
MinimumVisualStudioVersion = 10.0.40219.1
Project("{9A19103F-16F7-4668-BE54-9A1E7A4F7556}") = "HelloWorldTask", "HelloWorldTask\HelloWorldTask.csproj", "{A22E0F8F-118E-4965-B4C9-4ED4888A790E}"
EndProject
Project("{9A19103F-16F7-4668-BE54-9A1E7A4F7556}") = "ProcessHost", "ProcessHost\ProcessHost.csproj", "{C90514E2-9C9D-4EF6-A5A8-F191FAAA9161}"
EndProject
Project("{FAE04EC0-301F-11D3-BF4B-00C04F79EFBC}") = "AppDomainWorker", "AppDomainWorker\AppDomainWorker.csproj", "{F2FE0E9E-F869-4484-8CD9-F89AE26ECF45}"
EndProject
Project("{FAE04EC0-301F-11D3-BF4B-00C04F79EFBC}") = "ProcessHostFx", "ProcessHostFx\ProcessHostFx.csproj", "{2BABD3B7-2AD3-4A7B-8458-2390A23A4BD9}"
EndProject
Project("{9A19103F-16F7-4668-BE54-9A1E7A4F7556}") = "AppDomainWorkerCore", "AppDomainWorkerCore\AppDomainWorkerCore.csproj", "{451F519D-94BA-4288-8843-9D980B23C87D}"
EndProject
Project("{9A19103F-16F7-4668-BE54-9A1E7A4F7556}") = "NetCoreWorker", "NetCoreWorker\NetCoreWorker.csproj", "{849CDF32-4758-410B-A7C9-DF3E2847663D}"
EndProject
Project("{FAE04EC0-301F-11D3-BF4B-00C04F79EFBC}") = "NetFxWorker", "NetFxWorker\NetFxWorker.csproj", "{68C5CBEE-688E-4F99-A35D-88248CB88ADA}"
EndProject
Project("{2150E333-8FDC-42A3-9474-1A3956D46DE8}") = "x", "x", "{A98029B9-D398-4D99-A5C1-6E9712EB5B71}"
EndProject
Project("{9A19103F-16F7-4668-BE54-9A1E7A4F7556}") = "TaskLib", "TaskLib\TaskLib.csproj", "{3B85A28C-D377-43E6-BCE5-4BF4ECA302D5}"
EndProject
Project("{FAE04EC0-301F-11D3-BF4B-00C04F79EFBC}") = "NetFxProcess", "NetFxProcess\NetFxProcess.csproj", "{52361A0D-EDDE-4AB2-AF71-4A01488BB5B7}"
EndProject
Project("{9A19103F-16F7-4668-BE54-9A1E7A4F7556}") = "NetCoreProcess", "NetCoreProcess\NetCoreProcess.csproj", "{8A01C3C9-A25E-40BE-A8A8-C27178927937}"
EndProject
Project("{FAE04EC0-301F-11D3-BF4B-00C04F79EFBC}") = "NetCoreDemoWorker", "NetCoreDemoWorker\NetCoreDemoWorker.csproj", "{936E8353-18F2-4C3E-B16E-E16977FC6B10}"
EndProject
Global
	GlobalSection(SolutionConfigurationPlatforms) = preSolution
		Debug|Any CPU = Debug|Any CPU
		Release|Any CPU = Release|Any CPU
	EndGlobalSection
	GlobalSection(ProjectConfigurationPlatforms) = postSolution
		{A22E0F8F-118E-4965-B4C9-4ED4888A790E}.Debug|Any CPU.ActiveCfg = Debug|Any CPU
		{A22E0F8F-118E-4965-B4C9-4ED4888A790E}.Debug|Any CPU.Build.0 = Debug|Any CPU
		{A22E0F8F-118E-4965-B4C9-4ED4888A790E}.Release|Any CPU.ActiveCfg = Release|Any CPU
		{A22E0F8F-118E-4965-B4C9-4ED4888A790E}.Release|Any CPU.Build.0 = Release|Any CPU
		{C90514E2-9C9D-4EF6-A5A8-F191FAAA9161}.Debug|Any CPU.ActiveCfg = Debug|Any CPU
		{C90514E2-9C9D-4EF6-A5A8-F191FAAA9161}.Debug|Any CPU.Build.0 = Debug|Any CPU
		{C90514E2-9C9D-4EF6-A5A8-F191FAAA9161}.Release|Any CPU.ActiveCfg = Release|Any CPU
		{C90514E2-9C9D-4EF6-A5A8-F191FAAA9161}.Release|Any CPU.Build.0 = Release|Any CPU
		{F2FE0E9E-F869-4484-8CD9-F89AE26ECF45}.Debug|Any CPU.ActiveCfg = Debug|Any CPU
		{F2FE0E9E-F869-4484-8CD9-F89AE26ECF45}.Debug|Any CPU.Build.0 = Debug|Any CPU
		{F2FE0E9E-F869-4484-8CD9-F89AE26ECF45}.Release|Any CPU.ActiveCfg = Release|Any CPU
		{F2FE0E9E-F869-4484-8CD9-F89AE26ECF45}.Release|Any CPU.Build.0 = Release|Any CPU
		{2BABD3B7-2AD3-4A7B-8458-2390A23A4BD9}.Debug|Any CPU.ActiveCfg = Debug|Any CPU
		{2BABD3B7-2AD3-4A7B-8458-2390A23A4BD9}.Debug|Any CPU.Build.0 = Debug|Any CPU
		{2BABD3B7-2AD3-4A7B-8458-2390A23A4BD9}.Release|Any CPU.ActiveCfg = Release|Any CPU
		{2BABD3B7-2AD3-4A7B-8458-2390A23A4BD9}.Release|Any CPU.Build.0 = Release|Any CPU
		{451F519D-94BA-4288-8843-9D980B23C87D}.Debug|Any CPU.ActiveCfg = Debug|Any CPU
		{451F519D-94BA-4288-8843-9D980B23C87D}.Debug|Any CPU.Build.0 = Debug|Any CPU
		{451F519D-94BA-4288-8843-9D980B23C87D}.Release|Any CPU.ActiveCfg = Release|Any CPU
		{451F519D-94BA-4288-8843-9D980B23C87D}.Release|Any CPU.Build.0 = Release|Any CPU
		{849CDF32-4758-410B-A7C9-DF3E2847663D}.Debug|Any CPU.ActiveCfg = Debug|Any CPU
		{849CDF32-4758-410B-A7C9-DF3E2847663D}.Debug|Any CPU.Build.0 = Debug|Any CPU
		{849CDF32-4758-410B-A7C9-DF3E2847663D}.Release|Any CPU.ActiveCfg = Release|Any CPU
		{849CDF32-4758-410B-A7C9-DF3E2847663D}.Release|Any CPU.Build.0 = Release|Any CPU
		{68C5CBEE-688E-4F99-A35D-88248CB88ADA}.Debug|Any CPU.ActiveCfg = Debug|Any CPU
		{68C5CBEE-688E-4F99-A35D-88248CB88ADA}.Debug|Any CPU.Build.0 = Debug|Any CPU
		{68C5CBEE-688E-4F99-A35D-88248CB88ADA}.Release|Any CPU.ActiveCfg = Release|Any CPU
		{68C5CBEE-688E-4F99-A35D-88248CB88ADA}.Release|Any CPU.Build.0 = Release|Any CPU
		{3B85A28C-D377-43E6-BCE5-4BF4ECA302D5}.Debug|Any CPU.ActiveCfg = Debug|Any CPU
		{3B85A28C-D377-43E6-BCE5-4BF4ECA302D5}.Debug|Any CPU.Build.0 = Debug|Any CPU
		{3B85A28C-D377-43E6-BCE5-4BF4ECA302D5}.Release|Any CPU.ActiveCfg = Release|Any CPU
		{3B85A28C-D377-43E6-BCE5-4BF4ECA302D5}.Release|Any CPU.Build.0 = Release|Any CPU
		{52361A0D-EDDE-4AB2-AF71-4A01488BB5B7}.Debug|Any CPU.ActiveCfg = Debug|Any CPU
		{52361A0D-EDDE-4AB2-AF71-4A01488BB5B7}.Debug|Any CPU.Build.0 = Debug|Any CPU
		{52361A0D-EDDE-4AB2-AF71-4A01488BB5B7}.Release|Any CPU.ActiveCfg = Release|Any CPU
		{52361A0D-EDDE-4AB2-AF71-4A01488BB5B7}.Release|Any CPU.Build.0 = Release|Any CPU
		{8A01C3C9-A25E-40BE-A8A8-C27178927937}.Debug|Any CPU.ActiveCfg = Debug|Any CPU
		{8A01C3C9-A25E-40BE-A8A8-C27178927937}.Debug|Any CPU.Build.0 = Debug|Any CPU
		{8A01C3C9-A25E-40BE-A8A8-C27178927937}.Release|Any CPU.ActiveCfg = Release|Any CPU
		{8A01C3C9-A25E-40BE-A8A8-C27178927937}.Release|Any CPU.Build.0 = Release|Any CPU
		{936E8353-18F2-4C3E-B16E-E16977FC6B10}.Debug|Any CPU.ActiveCfg = Debug|Any CPU
		{936E8353-18F2-4C3E-B16E-E16977FC6B10}.Debug|Any CPU.Build.0 = Debug|Any CPU
		{936E8353-18F2-4C3E-B16E-E16977FC6B10}.Release|Any CPU.ActiveCfg = Release|Any CPU
		{936E8353-18F2-4C3E-B16E-E16977FC6B10}.Release|Any CPU.Build.0 = Release|Any CPU
	EndGlobalSection
	GlobalSection(SolutionProperties) = preSolution
		HideSolutionNode = FALSE
	EndGlobalSection
	GlobalSection(NestedProjects) = preSolution
		{A22E0F8F-118E-4965-B4C9-4ED4888A790E} = {A98029B9-D398-4D99-A5C1-6E9712EB5B71}
		{C90514E2-9C9D-4EF6-A5A8-F191FAAA9161} = {A98029B9-D398-4D99-A5C1-6E9712EB5B71}
		{F2FE0E9E-F869-4484-8CD9-F89AE26ECF45} = {A98029B9-D398-4D99-A5C1-6E9712EB5B71}
		{2BABD3B7-2AD3-4A7B-8458-2390A23A4BD9} = {A98029B9-D398-4D99-A5C1-6E9712EB5B71}
		{451F519D-94BA-4288-8843-9D980B23C87D} = {A98029B9-D398-4D99-A5C1-6E9712EB5B71}
	EndGlobalSection
	GlobalSection(ExtensibilityGlobals) = postSolution
		SolutionGuid = {E2DE6768-CE0C-4DC5-A8ED-37A491B39DA6}
	EndGlobalSection
EndGlobal
